
Microsoft Visual Studio Solution File, Format Version 12.00
# Visual Studio 15
VisualStudioVersion = 15.0.26430.13
MinimumVisualStudioVersion = 10.0.40219.1
Project("{FAE04EC0-301F-11D3-BF4B-00C04F79EFBC}") = "Auxephyr.IdTech", "Auxephyr.IdTech\Auxephyr.IdTech.csproj", "{B972FD64-D0CD-42CB-9B1A-C54B21770481}"
EndProject
Project("{FAE04EC0-301F-11D3-BF4B-00C04F79EFBC}") = "Auxephyr.IdTech.Test", "Auxephyr.IdTech.Test\Auxephyr.IdTech.Test.csproj", "{D79D4FB3-364A-43F5-81AC-23EABA1AFEC5}"
EndProject
Global
	GlobalSection(SolutionConfigurationPlatforms) = preSolution
		Debug|Any CPU = Debug|Any CPU
		Release|Any CPU = Release|Any CPU
	EndGlobalSection
	GlobalSection(ProjectConfigurationPlatforms) = postSolution
		{B972FD64-D0CD-42CB-9B1A-C54B21770481}.Debug|Any CPU.ActiveCfg = Debug|Any CPU
		{B972FD64-D0CD-42CB-9B1A-C54B21770481}.Release|Any CPU.ActiveCfg = Release|Any CPU
		{B972FD64-D0CD-42CB-9B1A-C54B21770481}.Debug|Any CPU.Build.0 = Debug|Any CPU
		{B972FD64-D0CD-42CB-9B1A-C54B21770481}.Release|Any CPU.Build.0 = Release|Any CPU
		{D79D4FB3-364A-43F5-81AC-23EABA1AFEC5}.Debug|Any CPU.ActiveCfg = Debug|Any CPU
		{D79D4FB3-364A-43F5-81AC-23EABA1AFEC5}.Release|Any CPU.ActiveCfg = Release|Any CPU
		{D79D4FB3-364A-43F5-81AC-23EABA1AFEC5}.Debug|Any CPU.Build.0 = Debug|Any CPU
		{D79D4FB3-364A-43F5-81AC-23EABA1AFEC5}.Release|Any CPU.Build.0 = Release|Any CPU
	EndGlobalSection
	GlobalSection(SolutionProperties) = preSolution
		HideSolutionNode = FALSE
	EndGlobalSection
	GlobalSection(NestedProjects) = preSolution
	EndGlobalSection
EndGlobal
